dependencies:
- name: postgres
  repository: https://groundhog2k.github.io/helm-charts/
  version: 1.6.3
- name: valkey
  repository: https://valkey-io.github.io/valkey-helm
  version: 0.9.4
- name: seaweedfs
  repository: https://seaweedfs.github.io/seaweedfs/helm
  version: 4.23.0
- name: doris-operator
  repository: https://charts.selectdb.com
  version: 25.8.0
digest: sha256:2a7f7c7d014acbe9e64b0005dae252bcd24f433486d4d54845ba932bc579ebd7
generated: "2026-08-24T17:55:27.884771+08:00"
